
Microsoft Visual Studio Solution File, Format Version 12.00
# Visual Studio 2013
VisualStudioVersion = 12.0.31101.0
MinimumVisualStudioVersion = 10.0.40219.1
Project("{FAE04EC0-301F-11D3-BF4B-00C04F79EFBC}") = "LoggerRefactored", "LoggerRefactored\LoggerRefactored.csproj", "{2EDD10CB-6170-429B-B64A-CE972307F133}"
EndProject
Project("{FAE04EC0-301F-11D3-BF4B-00C04F79EFBC}") = "LoggerRefactored.Tests", "LoggerRefactored.Tests\LoggerRefactored.Tests.csproj", "{452B26CC-416D-4912-ABDB-33F7F46FCC6C}"
	ProjectSection(ProjectDependencies) = postProject
		{2EDD10CB-6170-429B-B64A-CE972307F133} = {2EDD10CB-6170-429B-B64A-CE972307F133}
	EndProjectSection
EndProject
Global
	GlobalSection(SolutionConfigurationPlatforms) = preSolution
		Debug|Any CPU = Debug|Any CPU
		Release|Any CPU = Release|Any CPU
	EndGlobalSection
	GlobalSection(ProjectConfigurationPlatforms) = postSolution
		{2EDD10CB-6170-429B-B64A-CE972307F133}.Debug|Any CPU.ActiveCfg = Debug|Any CPU
		{2EDD10CB-6170-429B-B64A-CE972307F133}.Debug|Any CPU.Build.0 = Debug|Any CPU
		{2EDD10CB-6170-429B-B64A-CE972307F133}.Release|Any CPU.ActiveCfg = Release|Any CPU
		{2EDD10CB-6170-429B-B64A-CE972307F133}.Release|Any CPU.Build.0 = Release|Any CPU
		{452B26CC-416D-4912-ABDB-33F7F46FCC6C}.Debug|Any CPU.ActiveCfg = Debug|Any CPU
		{452B26CC-416D-4912-ABDB-33F7F46FCC6C}.Debug|Any CPU.Build.0 = Debug|Any CPU
		{452B26CC-416D-4912-ABDB-33F7F46FCC6C}.Release|Any CPU.ActiveCfg = Release|Any CPU
		{452B26CC-416D-4912-ABDB-33F7F46FCC6C}.Release|Any CPU.Build.0 = Release|Any CPU
	EndGlobalSection
	GlobalSection(SolutionProperties) = preSolution
		HideSolutionNode = FALSE
	EndGlobalSection
EndGlobal
